
Microsoft Visual Studio Solution File, Format Version 12.00
# Visual Studio Version 16
VisualStudioVersion = 16.0.31019.35
MinimumVisualStudioVersion = 10.0.40219.1
Project("{FAE04EC0-301F-11D3-BF4B-00C04F79EFBC}") = "Calculate Lab3", "Calculate Lab3\Calculate Lab3.csproj", "{4DFBD6D9-AAC2-4480-A452-26996FAD3EAF}"
EndProject
Global
	GlobalSection(SolutionConfigurationPlatforms) = preSolution
		Debug|Any CPU = Debug|Any CPU
		Release|Any CPU = Release|Any CPU
	EndGlobalSection
	GlobalSection(ProjectConfigurationPlatforms) = postSolution
		{4DFBD6D9-AAC2-4480-A452-26996FAD3EAF}.Debug|Any CPU.ActiveCfg = Debug|Any CPU
		{4DFBD6D9-AAC2-4480-A452-26996FAD3EAF}.Debug|Any CPU.Build.0 = Debug|Any CPU
		{4DFBD6D9-AAC2-4480-A452-26996FAD3EAF}.Release|Any CPU.ActiveCfg = Release|Any CPU
		{4DFBD6D9-AAC2-4480-A452-26996FAD3EAF}.Release|Any CPU.Build.0 = Release|Any CPU
	EndGlobalSection
	GlobalSection(SolutionProperties) = preSolution
		HideSolutionNode = FALSE
	EndGlobalSection
	GlobalSection(ExtensibilityGlobals) = postSolution
		SolutionGuid = {FEA9FA92-350A-46D3-BD25-6647B266D127}
	EndGlobalSection
EndGlobal
